
Microsoft Visual Studio Solution File, Format Version 12.00
# Visual Studio Version 17
VisualStudioVersion = 17.7.34221.43
MinimumVisualStudioVersion = 10.0.40219.1
Project("{FAE04EC0-301F-11D3-BF4B-00C04F79EFBC}") = "RazorViewApp", "RazorViewApp\RazorViewApp.csproj", "{F81EAEF5-BDA3-4BB2-905C-6B8280818E9B}"
EndProject
Global
	GlobalSection(SolutionConfigurationPlatforms) = preSolution
		Debug|Any CPU = Debug|Any CPU
		Release|Any CPU = Release|Any CPU
	EndGlobalSection
	GlobalSection(ProjectConfigurationPlatforms) = postSolution
		{F81EAEF5-BDA3-4BB2-905C-6B8280818E9B}.Debug|Any CPU.ActiveCfg = Debug|Any CPU
		{F81EAEF5-BDA3-4BB2-905C-6B8280818E9B}.Debug|Any CPU.Build.0 = Debug|Any CPU
		{F81EAEF5-BDA3-4BB2-905C-6B8280818E9B}.Release|Any CPU.ActiveCfg = Release|Any CPU
		{F81EAEF5-BDA3-4BB2-905C-6B8280818E9B}.Release|Any CPU.Build.0 = Release|Any CPU
	EndGlobalSection
	GlobalSection(SolutionProperties) = preSolution
		HideSolutionNode = FALSE
	EndGlobalSection
	GlobalSection(ExtensibilityGlobals) = postSolution
		SolutionGuid = {B2524473-9FD2-45C2-9F7F-774120E2E87B}
	EndGlobalSection
EndGlobal
